Microsoft Visual Studio Solution File, Format Version 11.00
# Visual Studio 2008

Project("{B868BECB-C43E-DC7D-E782-01CF49F9AECA}") = "paintSequencer", "Assembly-CSharp-firstpass.csproj", "{36DF29E2-0AEB-C360-8ADB-E601A8649F90}"
EndProject
Project("{B868BECB-C43E-DC7D-E782-01CF49F9AECA}") = "paintSequencer", "Assembly-CSharp.csproj", "{C943B7F8-8405-1447-4172-DEFBD5A2CE2C}"
EndProject
Project("{B868BECB-C43E-DC7D-E782-01CF49F9AECA}") = "paintSequencer", "Assembly-CSharp-Editor.csproj", "{22901FFF-7E16-C677-A44A-D829E83ACD48}"
EndProject
Global
	GlobalSection(SolutionConfigurationPlatforms) = preSolution
		Debug|Any CPU = Debug|Any CPU
		Release|Any CPU = Release|Any CPU
	EndGlobalSection
	GlobalSection(ProjectConfigurationPlatforms) = postSolution
		{36DF29E2-0AEB-C360-8ADB-E601A8649F90}.Debug|Any CPU.ActiveCfg = Debug|Any CPU
		{36DF29E2-0AEB-C360-8ADB-E601A8649F90}.Debug|Any CPU.Build.0 = Debug|Any CPU
		{36DF29E2-0AEB-C360-8ADB-E601A8649F90}.Release|Any CPU.ActiveCfg = Release|Any CPU
		{36DF29E2-0AEB-C360-8ADB-E601A8649F90}.Release|Any CPU.Build.0 = Release|Any CPU
		{C943B7F8-8405-1447-4172-DEFBD5A2CE2C}.Debug|Any CPU.ActiveCfg = Debug|Any CPU
		{C943B7F8-8405-1447-4172-DEFBD5A2CE2C}.Debug|Any CPU.Build.0 = Debug|Any CPU
		{C943B7F8-8405-1447-4172-DEFBD5A2CE2C}.Release|Any CPU.ActiveCfg = Release|Any CPU
		{C943B7F8-8405-1447-4172-DEFBD5A2CE2C}.Release|Any CPU.Build.0 = Release|Any CPU
		{22901FFF-7E16-C677-A44A-D829E83ACD48}.Debug|Any CPU.ActiveCfg = Debug|Any CPU
		{22901FFF-7E16-C677-A44A-D829E83ACD48}.Debug|Any CPU.Build.0 = Debug|Any CPU
		{22901FFF-7E16-C677-A44A-D829E83ACD48}.Release|Any CPU.ActiveCfg = Release|Any CPU
		{22901FFF-7E16-C677-A44A-D829E83ACD48}.Release|Any CPU.Build.0 = Release|Any CPU
	EndGlobalSection
	GlobalSection(SolutionProperties) = preSolution
		HideSolutionNode = FALSE
	EndGlobalSection
	GlobalSection(MonoDevelopProperties) = preSolution
		StartupItem = Assembly-CSharp.csproj
	EndGlobalSection
EndGlobal
